// !$*UTF8*$!
{
	archiveVersion = 1;
	classes = {
	};
	objectVersion = 46;
	objects = {

/* Begin PBXBuildFile section */
		C93125401AFB4AD500384A46 /* AppDelegate.swift in Sources */ = {isa = PBXBuildFile; fileRef = C931253F1AFB4AD500384A46 /* AppDelegate.swift */; };
		C93125421AFB4AD500384A46 /* ViewController.swift in Sources */ = {isa = PBXBuildFile; fileRef = C93125411AFB4AD500384A46 /* ViewController.swift */; };
		C93125451AFB4AD500384A46 /* Main.storyboard in Resources */ = {isa = PBXBuildFile; fileRef = C93125431AFB4AD500384A46 /* Main.storyboard */; };
		C93125471AFB4AD500384A46 /* Images.xcassets in Resources */ = {isa = PBXBuildFile; fileRef = C93125461AFB4AD500384A46 /* Images.xcassets */; };
		C931254A1AFB4AD500384A46 /* LaunchScreen.xib in Resources */ = {isa = PBXBuildFile; fileRef = C93125481AFB4AD500384A46 /* LaunchScreen.xib */; };
		C93125561AFB4AD500384A46 /* ArcViewTests.swift in Sources */ = {isa = PBXBuildFile; fileRef = C93125551AFB4AD500384A46 /* ArcViewTests.swift */; };
		C93125601AFB4B1100384A46 /* ArcView.swift in Sources */ = {isa = PBXBuildFile; fileRef = C931255F1AFB4B1100384A46 /* ArcView.swift */; };
/* End PBXBuildFile section */

/* Begin PBXContainerItemProxy section */
		C93125501AFB4AD500384A46 /* PBXContainerItemProxy */ = {
			isa = PBXContainerItemProxy;
			containerPortal = C93125321AFB4AD500384A46 /* Project object */;
			proxyType = 1;
			remoteGlobalIDString = C93125391AFB4AD500384A46;
			remoteInfo = ArcView;
		};
/* End PBXContainerItemProxy section */

/* Begin PBXFileReference section */
		C931253A1AFB4AD500384A46 /* ArcView.app */ = {isa = PBXFileReference; explicitFileType = wrapper.application; includeInIndex = 0; path = ArcView.app; sourceTree = BUILT_PRODUCTS_DIR; };
		C931253E1AFB4AD500384A46 /* Info.plist */ = {isa = PBXFileReference; lastKnownFileType = text.plist.xml; path = Info.plist; sourceTree = "<group>"; };
		C931253F1AFB4AD500384A46 /* AppDelegate.swift */ = {isa = PBXFileReference; lastKnownFileType = sourcecode.swift; path = AppDelegate.swift; sourceTree = "<group>"; };
		C93125411AFB4AD500384A46 /* ViewController.swift */ = {isa = PBXFileReference; lastKnownFileType = sourcecode.swift; path = ViewController.swift; sourceTree = "<group>"; };
		C93125441AFB4AD500384A46 /* Base */ = {isa = PBXFileReference; lastKnownFileType = file.storyboard; name = Base; path = Base.lproj/Main.storyboard; sourceTree = "<group>"; };
		C93125461AFB4AD500384A46 /* Images.xcassets */ = {isa = PBXFileReference; lastKnownFileType = folder.assetcatalog; path = Images.xcassets; sourceTree = "<group>"; };
		C93125491AFB4AD500384A46 /* Base */ = {isa = PBXFileReference; lastKnownFileType = file.xib; name = Base; path = Base.lproj/LaunchScreen.xib; sourceTree = "<group>"; };
		C931254F1AFB4AD500384A46 /* ArcViewTests.xctest */ = {isa = PBXFileReference; explicitFileType = wrapper.cfbundle; includeInIndex = 0; path = ArcViewTests.xctest; sourceTree = BUILT_PRODUCTS_DIR; };
		C93125541AFB4AD500384A46 /* Info.plist */ = {isa = PBXFileReference; lastKnownFileType = text.plist.xml; path = Info.plist; sourceTree = "<group>"; };
		C93125551AFB4AD500384A46 /* ArcViewTests.swift */ = {isa = PBXFileReference; lastKnownFileType = sourcecode.swift; path = ArcViewTests.swift; sourceTree = "<group>"; };
		C931255F1AFB4B1100384A46 /* ArcView.swift */ = {isa = PBXFileReference; fileEncoding = 4; lastKnownFileType = sourcecode.swift; path = ArcView.swift; sourceTree = "<group>"; };
/* End PBXFileReference section */

/* Begin PBXFrameworksBuildPhase section */
		C93125371AFB4AD500384A46 /* Frameworks */ = {
			isa = PBXFrameworksBuildPhase;
			buildActionMask = 2147483647;
			files = (
			);
			runOnlyForDeploymentPostprocessing = 0;
		};
		C931254C1AFB4AD500384A46 /* Frameworks */ = {
			isa = PBXFrameworksBuildPhase;
			buildActionMask = 2147483647;
			files = (
			);
			runOnlyForDeploymentPostprocessing = 0;
		};
/* End PBXFrameworksBuildPhase section */

/* Begin PBXGroup section */
		C93125311AFB4AD500384A46 = {
			isa = PBXGroup;
			children = (
				C931253C1AFB4AD500384A46 /* ArcView */,
				C93125521AFB4AD500384A46 /* ArcViewTests */,
				C931253B1AFB4AD500384A46 /* Products */,
			);
			sourceTree = "<group>";
		};
		C931253B1AFB4AD500384A46 /* Products */ = {
			isa = PBXGroup;
			children = (
				C931253A1AFB4AD500384A46 /* ArcView.app */,
				C931254F1AFB4AD500384A46 /* ArcViewTests.xctest */,
			);
			name = Products;
			sourceTree = "<group>";
		};
		C931253C1AFB4AD500384A46 /* ArcView */ = {
			isa = PBXGroup;
			children = (
				C931255F1AFB4B1100384A46 /* ArcView.swift */,
				C931253F1AFB4AD500384A46 /* AppDelegate.swift */,
				C93125411AFB4AD500384A46 /* ViewController.swift */,
				C93125431AFB4AD500384A46 /* Main.storyboard */,
				C93125461AFB4AD500384A46 /* Images.xcassets */,
				C93125481AFB4AD500384A46 /* LaunchScreen.xib */,
				C931253D1AFB4AD500384A46 /* Supporting Files */,
			);
			path = ArcView;
			sourceTree = "<group>";
		};
		C931253D1AFB4AD500384A46 /* Supporting Files */ = {
			isa = PBXGroup;
			children = (
				C931253E1AFB4AD500384A46 /* Info.plist */,
			);
			name = "Supporting Files";
			sourceTree = "<group>";
		};
		C93125521AFB4AD500384A46 /* ArcViewTests */ = {
			isa = PBXGroup;
			children = (
				C93125551AFB4AD500384A46 /* ArcViewTests.swift */,
				C93125531AFB4AD500384A46 /* Supporting Files */,
			);
			path = ArcViewTests;
			sourceTree = "<group>";
		};
		C93125531AFB4AD500384A46 /* Supporting Files */ = {
			isa = PBXGroup;
			children = (
				C93125541AFB4AD500384A46 /* Info.plist */,
			);
			name = "Supporting Files";
			sourceTree = "<group>";
		};
/* End PBXGroup section */

/* Begin PBXNativeTarget section */
		C93125391AFB4AD500384A46 /* ArcView */ = {
			isa = PBXNativeTarget;
			buildConfigurationList = C93125591AFB4AD500384A46 /* Build configuration list for PBXNativeTarget "ArcView" */;
			buildPhases = (
				C93125361AFB4AD500384A46 /* Sources */,
				C93125371AFB4AD500384A46 /* Frameworks */,
				C93125381AFB4AD500384A46 /* Resources */,
			);
			buildRules = (
			);
			dependencies = (
			);
			name = ArcView;
			productName = ArcView;
			productReference = C931253A1AFB4AD500384A46 /* ArcView.app */;
			productType = "com.apple.product-type.application";
		};
		C931254E1AFB4AD500384A46 /* ArcViewTests */ = {
			isa = PBXNativeTarget;
			buildConfigurationList = C931255C1AFB4AD500384A46 /* Build configuration list for PBXNativeTarget "ArcViewTests" */;
			buildPhases = (
				C931254B1AFB4AD500384A46 /* Sources */,
				C931254C1AFB4AD500384A46 /* Frameworks */,
				C931254D1AFB4AD500384A46 /* Resources */,
			);
			buildRules = (
			);
			dependencies = (
				C93125511AFB4AD500384A46 /* PBXTargetDependency */,
			);
			name = ArcViewTests;
			productName = ArcViewTests;
			productReference = C931254F1AFB4AD500384A46 /* ArcViewTests.xctest */;
			productType = "com.apple.product-type.bundle.unit-test";
		};
/* End PBXNativeTarget section */

/* Begin PBXProject section */
		C93125321AFB4AD500384A46 /* Project object */ = {
			isa = PBXProject;
			attributes = {
				LastUpgradeCheck = 0630;
				ORGANIZATIONNAME = "Matt Cloke";
				TargetAttributes = {
					C93125391AFB4AD500384A46 = {
						CreatedOnToolsVersion = 6.3.1;
					};
					C931254E1AFB4AD500384A46 = {
						CreatedOnToolsVersion = 6.3.1;
						TestTargetID = C93125391AFB4AD500384A46;
					};
				};
			};
			buildConfigurationList = C93125351AFB4AD500384A46 /* Build configuration list for PBXProject "ArcView" */;
			compatibilityVersion = "Xcode 3.2";
			developmentRegion = English;
			hasScannedForEncodings = 0;
			knownRegions = (
				en,
				Base,
			);
			mainGroup = C93125311AFB4AD500384A46;
			productRefGroup = C931253B1AFB4AD500384A46 /* Products */;
			projectDirPath = "";
			projectRoot = "";
			targets = (
				C93125391AFB4AD500384A46 /* ArcView */,
				C931254E1AFB4AD500384A46 /* ArcViewTests */,
			);
		};
/* End PBXProject section */

/* Begin PBXResourcesBuildPhase section */
		C93125381AFB4AD500384A46 /* Resources */ = {
			isa = PBXResourcesBuildPhase;
			buildActionMask = 2147483647;
			files = (
				C93125451AFB4AD500384A46 /* Main.storyboard in Resources */,
				C931254A1AFB4AD500384A46 /* LaunchScreen.xib in Resources */,
				C93125471AFB4AD500384A46 /* Images.xcassets in Resources */,
			);
			runOnlyForDeploymentPostprocessing = 0;
		};
		C931254D1AFB4AD500384A46 /* Resources */ = {
			isa = PBXResourcesBuildPhase;
			buildActionMask = 2147483647;
			files = (
			);
			runOnlyForDeploymentPostprocessing = 0;
		};
/* End PBXResourcesBuildPhase section */

/* Begin PBXSourcesBuildPhase section */
		C93125361AFB4AD500384A46 /* Sources */ = {
			isa = PBXSourcesBuildPhase;
			buildActionMask = 2147483647;
			files = (
				C93125601AFB4B1100384A46 /* ArcView.swift in Sources */,
				C93125421AFB4AD500384A46 /* ViewController.swift in Sources */,
				C93125401AFB4AD500384A46 /* AppDelegate.swift in Sources */,
			);
			runOnlyForDeploymentPostprocessing = 0;
		};
		C931254B1AFB4AD500384A46 /* Sources */ = {
			isa = PBXSourcesBuildPhase;
			buildActionMask = 2147483647;
			files = (
				C93125561AFB4AD500384A46 /* ArcViewTests.swift in Sources */,
			);
			runOnlyForDeploymentPostprocessing = 0;
		};
/* End PBXSourcesBuildPhase section */

/* Begin PBXTargetDependency section */
		C93125511AFB4AD500384A46 /* PBXTargetDependency */ = {
			isa = PBXTargetDependency;
			target = C93125391AFB4AD500384A46 /* ArcView */;
			targetProxy = C93125501AFB4AD500384A46 /* PBXContainerItemProxy */;
		};
/* End PBXTargetDependency section */

/* Begin PBXVariantGroup section */
		C93125431AFB4AD500384A46 /* Main.storyboard */ = {
			isa = PBXVariantGroup;
			children = (
				C93125441AFB4AD500384A46 /* Base */,
			);
			name = Main.storyboard;
			sourceTree = "<group>";
		};
		C93125481AFB4AD500384A46 /* LaunchScreen.xib */ = {
			isa = PBXVariantGroup;
			children = (
				C93125491AFB4AD500384A46 /* Base */,
			);
			name = LaunchScreen.xib;
			sourceTree = "<group>";
		};
/* End PBXVariantGroup section */

/* Begin XCBuildConfiguration section */
		C93125571AFB4AD500384A46 /* Debug */ = {
			isa = XCBuildConfiguration;
			buildSettings = {
				ALWAYS_SEARCH_USER_PATHS = NO;
				CLANG_CXX_LANGUAGE_STANDARD = "gnu++0x";
				CLANG_CXX_LIBRARY = "libc++";
				CLANG_ENABLE_MODULES = YES;
				CLANG_ENABLE_OBJC_ARC = YES;
				CLANG_WARN_BOOL_CONVERSION = YES;
				CLANG_WARN_CONSTANT_CONVERSION = YES;
				CLANG_WARN_DIRECT_OBJC_ISA_USAGE = YES_ERROR;
				CLANG_WARN_EMPTY_BODY = YES;
				CLANG_WARN_ENUM_CONVERSION = YES;
				CLANG_WARN_INT_CONVERSION = YES;
				CLANG_WARN_OBJC_ROOT_CLASS = YES_ERROR;
				CLANG_WARN_UNREACHABLE_CODE = YES;
				CLANG_WARN__DUPLICATE_METHOD_MATCH = YES;
				"CODE_SIGN_IDENTITY[sdk=iphoneos*]" = "iPhone Developer";
				COPY_PHASE_STRIP = NO;
				DEBUG_INFORMATION_FORMAT = "dwarf-with-dsym";
				ENABLE_STRICT_OBJC_MSGSEND = YES;
				GCC_C_LANGUAGE_STANDARD = gnu99;
				GCC_DYNAMIC_NO_PIC = NO;
				GCC_NO_COMMON_BLOCKS = YES;
				GCC_OPTIMIZATION_LEVEL = 0;
				GCC_PREPROCESSOR_DEFINITIONS = (
					"DEBUG=1",
					"$(inherited)",
				);
				GCC_SYMBOLS_PRIVATE_EXTERN = NO;
				GCC_WARN_64_TO_32_BIT_CONVERSION = YES;
				GCC_WARN_ABOUT_RETURN_TYPE = YES_ERROR;
				GCC_WARN_UNDECLARED_SELECTOR = YES;
				GCC_WARN_UNINITIALIZED_AUTOS = YES_AGGRESSIVE;
				GCC_WARN_UNUSED_FUNCTION = YES;
				GCC_WARN_UNUSED_VARIABLE = YES;
				IPHONEOS_DEPLOYMENT_TARGET = 8.3;
				MTL_ENABLE_DEBUG_INFO = YES;
				ONLY_ACTIVE_ARCH = YES;
				SDKROOT = iphoneos;
				SWIFT_OPTIMIZATION_LEVEL = "-Onone";
				TARGETED_DEVICE_FAMILY = "1,2";
			};
			name = Debug;
		};
		C93125581AFB4AD500384A46 /* Release */ = {
			isa = XCBuildConfiguration;
			buildSettings = {
				ALWAYS_SEARCH_USER_PATHS = NO;
				CLANG_CXX_LANGUAGE_STANDARD = "gnu++0x";
				CLANG_CXX_LIBRARY = "libc++";
				CLANG_ENABLE_MODULES = YES;
				CLANG_ENABLE_OBJC_ARC = YES;
				CLANG_WARN_BOOL_CONVERSION = YES;
				CLANG_WARN_CONSTANT_CONVERSION = YES;
				CLANG_WARN_DIRECT_OBJC_ISA_USAGE = YES_ERROR;
				CLANG_WARN_EMPTY_BODY = YES;
				CLANG_WARN_ENUM_CONVERSION = YES;
				CLANG_WARN_INT_CONVERSION = YES;
				CLANG_WARN_OBJC_ROOT_CLASS = YES_ERROR;
				CLANG_WARN_UNREACHABLE_CODE = YES;
				CLANG_WARN__DUPLICATE_METHOD_MATCH = YES;
				"CODE_SIGN_IDENTITY[sdk=iphoneos*]" = "iPhone Developer";
				COPY_PHASE_STRIP = NO;
				DEBUG_INFORMATION_FORMAT = "dwarf-with-dsym";
				ENABLE_NS_ASSERTIONS = NO;
				ENABLE_STRICT_OBJC_MSGSEND = YES;
				GCC_C_LANGUAGE_STANDARD = gnu99;
				GCC_NO_COMMON_BLOCKS = YES;
				GCC_WARN_64_TO_32_BIT_CONVERSION = YES;
				GCC_WARN_ABOUT_RETURN_TYPE = YES_ERROR;
				GCC_WARN_UNDECLARED_SELECTOR = YES;
				GCC_WARN_UNINITIALIZED_AUTOS = YES_AGGRESSIVE;
				GCC_WARN_UNUSED_FUNCTION = YES;
				GCC_WARN_UNUSED_VARIABLE = YES;
				IPHONEOS_DEPLOYMENT_TARGET = 8.3;
				MTL_ENABLE_DEBUG_INFO = NO;
				SDKROOT = iphoneos;
				TARGETED_DEVICE_FAMILY = "1,2";
				VALIDATE_PRODUCT = YES;
			};
			name = Release;
		};
		C931255A1AFB4AD500384A46 /* Debug */ = {
			isa = XCBuildConfiguration;
			buildSettings = {
				ASSETCATALOG_COMPILER_APPICON_NAME = AppIcon;
				INFOPLIST_FILE = ArcView/Info.plist;
				LD_RUNPATH_SEARCH_PATHS = "$(inherited) @executable_path/Frameworks";
				PRODUCT_NAME = "$(TARGET_NAME)";
			};
			name = Debug;
		};
		C931255B1AFB4AD500384A46 /* Release */ = {
			isa = XCBuildConfiguration;
			buildSettings = {
				ASSETCATALOG_COMPILER_APPICON_NAME = AppIcon;
				INFOPLIST_FILE = ArcView/Info.plist;
				LD_RUNPATH_SEARCH_PATHS = "$(inherited) @executable_path/Frameworks";
				PRODUCT_NAME = "$(TARGET_NAME)";
			};
			name = Release;
		};
		C931255D1AFB4AD500384A46 /* Debug */ = {
			isa = XCBuildConfiguration;
			buildSettings = {
				BUNDLE_LOADER = "$(TEST_HOST)";
				FRAMEWORK_SEARCH_PATHS = (
					"$(SDKROOT)/Developer/Library/Frameworks",
					"$(inherited)",
				);
				GCC_PREPROCESSOR_DEFINITIONS = (
					"DEBUG=1",
					"$(inherited)",
				);
				INFOPLIST_FILE = ArcViewTests/Info.plist;
				LD_RUNPATH_SEARCH_PATHS = "$(inherited) @executable_path/Frameworks @loader_path/Frameworks";
				PRODUCT_NAME = "$(TARGET_NAME)";
				TEST_HOST = "$(BUILT_PRODUCTS_DIR)/ArcView.app/ArcView";
			};
			name = Debug;
		};
		C931255E1AFB4AD500384A46 /* Release */ = {
			isa = XCBuildConfiguration;
			buildSettings = {
				BUNDLE_LOADER = "$(TEST_HOST)";
				FRAMEWORK_SEARCH_PATHS = (
					"$(SDKROOT)/Developer/Library/Frameworks",
					"$(inherited)",
				);
				INFOPLIST_FILE = ArcViewTests/Info.plist;
				LD_RUNPATH_SEARCH_PATHS = "$(inherited) @executable_path/Frameworks @loader_path/Frameworks";
				PRODUCT_NAME = "$(TARGET_NAME)";
				TEST_HOST = "$(BUILT_PRODUCTS_DIR)/ArcView.app/ArcView";
			};
			name = Release;
		};
/* End XCBuildConfiguration section */

/* Begin XCConfigurationList section */
		C93125351AFB4AD500384A46 /* Build configuration list for PBXProject "ArcView" */ = {
			isa = XCConfigurationList;
			buildConfigurations = (
				C93125571AFB4AD500384A46 /* Debug */,
				C93125581AFB4AD500384A46 /* Release */,
			);
			defaultConfigurationIsVisible = 0;
			defaultConfigurationName = Release;
		};
		C93125591AFB4AD500384A46 /* Build configuration list for PBXNativeTarget "ArcView" */ = {
			isa = XCConfigurationList;
			buildConfigurations = (
				C931255A1AFB4AD500384A46 /* Debug */,
				C931255B1AFB4AD500384A46 /* Release */,
			);
			defaultConfigurationIsVisible = 0;
		};
		C931255C1AFB4AD500384A46 /* Build configuration list for PBXNativeTarget "ArcViewTests" */ = {
			isa = XCConfigurationList;
			buildConfigurations = (
				C931255D1AFB4AD500384A46 /* Debug */,
				C931255E1AFB4AD500384A46 /* Release */,
			);
			defaultConfigurationIsVisible = 0;
		};
/* End XCConfigurationList section */
	};
	rootObject = C93125321AFB4AD500384A46 /* Project object */;
}
